
Microsoft Visual Studio Solution File, Format Version 12.00
# Visual Studio Version 17
VisualStudioVersion = 17.14.36518.9 d17.14
MinimumVisualStudioVersion = 10.0.40219.1
Project("{FAE04EC0-301F-11D3-BF4B-00C04F79EFBC}") = "BangVeMiniDemo", "BangVeMiniDemo\BangVeMiniDemo.csproj", "{34FCC638-8E4F-478A-9BCC-8609590E63D9}"
EndProject
Global
	GlobalSection(SolutionConfigurationPlatforms) = preSolution
		Debug|Any CPU = Debug|Any CPU
		Release|Any CPU = Release|Any CPU
	EndGlobalSection
	GlobalSection(ProjectConfigurationPlatforms) = postSolution
		{34FCC638-8E4F-478A-9BCC-8609590E63D9}.Debug|Any CPU.ActiveCfg = Debug|Any CPU
		{34FCC638-8E4F-478A-9BCC-8609590E63D9}.Debug|Any CPU.Build.0 = Debug|Any CPU
		{34FCC638-8E4F-478A-9BCC-8609590E63D9}.Release|Any CPU.ActiveCfg = Release|Any CPU
		{34FCC638-8E4F-478A-9BCC-8609590E63D9}.Release|Any CPU.Build.0 = Release|Any CPU
	EndGlobalSection
	GlobalSection(SolutionProperties) = preSolution
		HideSolutionNode = FALSE
	EndGlobalSection
	GlobalSection(ExtensibilityGlobals) = postSolution
		SolutionGuid = {A6B265E7-3D13-4822-92DC-961A7DAB9C6B}
	EndGlobalSection
EndGlobal
