
Microsoft Visual Studio Solution File, Format Version 12.00
# Visual Studio Version 17
VisualStudioVersion = 17.14.36518.9 d17.14
MinimumVisualStudioVersion = 10.0.40219.1
Project("{FAE04EC0-301F-11D3-BF4B-00C04F79EFBC}") = "xuLyNgoaiLe", "xuLyNgoaiLe\xuLyNgoaiLe.csproj", "{D752BC1B-7EC3-4DBB-AC3E-82C45F14C5A2}"
EndProject
Global
	GlobalSection(SolutionConfigurationPlatforms) = preSolution
		Debug|Any CPU = Debug|Any CPU
		Release|Any CPU = Release|Any CPU
	EndGlobalSection
	GlobalSection(ProjectConfigurationPlatforms) = postSolution
		{D752BC1B-7EC3-4DBB-AC3E-82C45F14C5A2}.Debug|Any CPU.ActiveCfg = Debug|Any CPU
		{D752BC1B-7EC3-4DBB-AC3E-82C45F14C5A2}.Debug|Any CPU.Build.0 = Debug|Any CPU
		{D752BC1B-7EC3-4DBB-AC3E-82C45F14C5A2}.Release|Any CPU.ActiveCfg = Release|Any CPU
		{D752BC1B-7EC3-4DBB-AC3E-82C45F14C5A2}.Release|Any CPU.Build.0 = Release|Any CPU
	EndGlobalSection
	GlobalSection(SolutionProperties) = preSolution
		HideSolutionNode = FALSE
	EndGlobalSection
	GlobalSection(ExtensibilityGlobals) = postSolution
		SolutionGuid = {EE2B5725-EBFF-4E68-8754-897357122BF3}
	EndGlobalSection
EndGlobal
