
Microsoft Visual Studio Solution File, Format Version 12.00
# Visual Studio Version 17
VisualStudioVersion = 17.14.36518.9 d17.14
MinimumVisualStudioVersion = 10.0.40219.1
Project("{FAE04EC0-301F-11D3-BF4B-00C04F79EFBC}") = "MayTinhDonGia", "MayTinhDonGia\MayTinhDonGia.csproj", "{77C8896C-6C39-48FC-B42C-8FBB0CF4D917}"
EndProject
Global
	GlobalSection(SolutionConfigurationPlatforms) = preSolution
		Debug|Any CPU = Debug|Any CPU
		Release|Any CPU = Release|Any CPU
	EndGlobalSection
	GlobalSection(ProjectConfigurationPlatforms) = postSolution
		{77C8896C-6C39-48FC-B42C-8FBB0CF4D917}.Debug|Any CPU.ActiveCfg = Debug|Any CPU
		{77C8896C-6C39-48FC-B42C-8FBB0CF4D917}.Debug|Any CPU.Build.0 = Debug|Any CPU
		{77C8896C-6C39-48FC-B42C-8FBB0CF4D917}.Release|Any CPU.ActiveCfg = Release|Any CPU
		{77C8896C-6C39-48FC-B42C-8FBB0CF4D917}.Release|Any CPU.Build.0 = Release|Any CPU
	EndGlobalSection
	GlobalSection(SolutionProperties) = preSolution
		HideSolutionNode = FALSE
	EndGlobalSection
	GlobalSection(ExtensibilityGlobals) = postSolution
		SolutionGuid = {674A864F-E0BD-4B8F-B575-D8E6440B0482}
	EndGlobalSection
EndGlobal
